{
  "lib/aave-v3-core": {
    "tag": {
      "name": "v1.19.4",
      "rev": "b74526a7bc67a3a117a1963fc871b3eb8cea8435"
    }
  },
  "lib/commerce-payments": {
    "rev": "703a0c411203a72507cb90f32cbb6cb4cfe7a102"
  },
  "lib/createx": {
    "tag": {
      "name": "v1.0.0",
      "rev": "cbac803268835138f86a69bfe01fcf05a50e0447"
    }
  },
  "lib/openzeppelin-contracts": {
    "tag": {
      "name": "v5.5.0",
      "rev": "fcbae5394ae8ad52d8e580a3477db99814b9d565"
    }
  },
  "lib/solady": {
    "tag": {
      "name": "v0.1.26",
      "rev": "acd959aa4bd04720d640bf4e6a5c71037510cc4b"
    }
  }
}